
Microsoft Visual Studio Solution File, Format Version 12.00
# Visual Studio 15
VisualStudioVersion = 15.0.27004.2010
MinimumVisualStudioVersion = 10.0.40219.1
Project("{FAE04EC0-301F-11D3-BF4B-00C04F79EFBC}") = "webApi", "webApi\webApi.csproj", "{9061AABC-BBBF-4B57-86AE-761567407E0A}"
EndProject
Global
	GlobalSection(SolutionConfigurationPlatforms) = preSolution
		Debug|Any CPU = Debug|Any CPU
		Release|Any CPU = Release|Any CPU
	EndGlobalSection
	GlobalSection(ProjectConfigurationPlatforms) = postSolution
		{9061AABC-BBBF-4B57-86AE-761567407E0A}.Debug|Any CPU.ActiveCfg = Debug|Any CPU
		{9061AABC-BBBF-4B57-86AE-761567407E0A}.Debug|Any CPU.Build.0 = Debug|Any CPU
		{9061AABC-BBBF-4B57-86AE-761567407E0A}.Release|Any CPU.ActiveCfg = Release|Any CPU
		{9061AABC-BBBF-4B57-86AE-761567407E0A}.Release|Any CPU.Build.0 = Release|Any CPU
	EndGlobalSection
	GlobalSection(SolutionProperties) = preSolution
		HideSolutionNode = FALSE
	EndGlobalSection
	GlobalSection(ExtensibilityGlobals) = postSolution
		SolutionGuid = {0ED8BD18-F2DF-4E3C-90EF-224CCE3F9789}
	EndGlobalSection
EndGlobal
